// !$*UTF8*$!
{
	archiveVersion = 1;
	classes = {
	};
	objectVersion = 46;
	objects = {

/* Begin PBXBuildFile section */
		1C586A989A13CB7771E6F8B9 /* Pods_xkcd_swift.framework in Frameworks */ = {isa = PBXBuildFile; fileRef = 4F13A51CFA5C0FDE69001E42 /* Pods_xkcd_swift.framework */; };
		BB7660FF1CD660F200543547 /* Comic.swift in Sources */ = {isa = PBXBuildFile; fileRef = BB7660E31CD660F200543547 /* Comic.swift */; };
		BB7661001CD660F200543547 /* ComicIdentifier.swift in Sources */ = {isa = PBXBuildFile; fileRef = BB7660E41CD660F200543547 /* ComicIdentifier.swift */; };
		BB7661011CD660F200543547 /* ComicImageKinds.swift in Sources */ = {isa = PBXBuildFile; fileRef = BB7660E51CD660F200543547 /* ComicImageKinds.swift */; };
		BB7661021CD660F200543547 /* Typealiases.swift in Sources */ = {isa = PBXBuildFile; fileRef = BB7660E71CD660F200543547 /* Typealiases.swift */; };
		BB7661041CD660F200543547 /* ComicListInteractorImpl.swift in Sources */ = {isa = PBXBuildFile; fileRef = BB7660EC1CD660F200543547 /* ComicListInteractorImpl.swift */; };
		BB7661051CD660F200543547 /* ComicRepositoryImpl.swift in Sources */ = {isa = PBXBuildFile; fileRef = BB7660ED1CD660F200543547 /* ComicRepositoryImpl.swift */; };
		BB7661061CD660F200543547 /* ComicListInteractor.swift in Sources */ = {isa = PBXBuildFile; fileRef = BB7660EF1CD660F200543547 /* ComicListInteractor.swift */; };
		BB7661071CD660F200543547 /* ComicRepository.swift in Sources */ = {isa = PBXBuildFile; fileRef = BB7660F01CD660F200543547 /* ComicRepository.swift */; };
		BB7661081CD660F200543547 /* ImageNetworkingServiceImpl.swift in Sources */ = {isa = PBXBuildFile; fileRef = BB7660F31CD660F200543547 /* ImageNetworkingServiceImpl.swift */; };
		BB7661091CD660F200543547 /* ComicNetworkingServiceImpl.swift in Sources */ = {isa = PBXBuildFile; fileRef = BB7660F41CD660F200543547 /* ComicNetworkingServiceImpl.swift */; };
		BB76610A1CD660F200543547 /* ComicParsingServiceImpl.swift in Sources */ = {isa = PBXBuildFile; fileRef = BB7660F51CD660F200543547 /* ComicParsingServiceImpl.swift */; };
		BB76610B1CD660F200543547 /* ImageLoadingServiceImpl.swift in Sources */ = {isa = PBXBuildFile; fileRef = BB7660F61CD660F200543547 /* ImageLoadingServiceImpl.swift */; };
		BB76610C1CD660F200543547 /* ImageNetworkingService.swift in Sources */ = {isa = PBXBuildFile; fileRef = BB7660F81CD660F200543547 /* ImageNetworkingService.swift */; };
		BB76610D1CD660F200543547 /* ComicNetworkingService.swift in Sources */ = {isa = PBXBuildFile; fileRef = BB7660F91CD660F200543547 /* ComicNetworkingService.swift */; };
		BB76610E1CD660F200543547 /* ComicParsingService.swift in Sources */ = {isa = PBXBuildFile; fileRef = BB7660FA1CD660F200543547 /* ComicParsingService.swift */; };
		BB7661101CD6614500543547 /* MainWireframe.swift in Sources */ = {isa = PBXBuildFile; fileRef = BB76610F1CD6614500543547 /* MainWireframe.swift */; };
		BB7661121CD6615500543547 /* MainWireframeImpl.swift in Sources */ = {isa = PBXBuildFile; fileRef = BB7661111CD6615500543547 /* MainWireframeImpl.swift */; };
		BB7661141CD661C500543547 /* AppConfiguration.swift in Sources */ = {isa = PBXBuildFile; fileRef = BB7661131CD661C500543547 /* AppConfiguration.swift */; };
		BB7661161CD661E600543547 /* AppConfigurationImpl.swift in Sources */ = {isa = PBXBuildFile; fileRef = BB7661151CD661E600543547 /* AppConfigurationImpl.swift */; };
		BB7661181CD6627300543547 /* ComicListRouter.swift in Sources */ = {isa = PBXBuildFile; fileRef = BB7661171CD6627300543547 /* ComicListRouter.swift */; };
		BB76611A1CD6632E00543547 /* ComicListPresenter.swift in Sources */ = {isa = PBXBuildFile; fileRef = BB7661191CD6632E00543547 /* ComicListPresenter.swift */; };
		BB76611C1CD6634B00543547 /* ComicListPresenterImpl.swift in Sources */ = {isa = PBXBuildFile; fileRef = BB76611B1CD6634B00543547 /* ComicListPresenterImpl.swift */; };
		BB8C40D51CE12A2300183073 /* ComicListLoadingPresenter.swift in Sources */ = {isa = PBXBuildFile; fileRef = BB8C40D41CE12A2300183073 /* ComicListLoadingPresenter.swift */; };
		BB8C40D71CE12AF600183073 /* ComicListLoadingViewController.swift in Sources */ = {isa = PBXBuildFile; fileRef = BB8C40D61CE12AF600183073 /* ComicListLoadingViewController.swift */; };
		BB8C40D91CE12C5E00183073 /* ComicListViewController.swift in Sources */ = {isa = PBXBuildFile; fileRef = BB8C40D81CE12C5E00183073 /* ComicListViewController.swift */; };
		BB8C40DB1CE12DAC00183073 /* UINavigationController+RootViewController.swift in Sources */ = {isa = PBXBuildFile; fileRef = BB8C40DA1CE12DAC00183073 /* UINavigationController+RootViewController.swift */; };
		BB8C40DD1CE1315E00183073 /* ComicListLoadingViewController.xib in Resources */ = {isa = PBXBuildFile; fileRef = BB8C40DC1CE1315E00183073 /* ComicListLoadingViewController.xib */; };
		BB8C40DF1CE1324500183073 /* ImageLoadingService.swift in Sources */ = {isa = PBXBuildFile; fileRef = BB8C40DE1CE1324500183073 /* ImageLoadingService.swift */; };
		BB990B971CDA8F3700F162DF /* ReactiveComicWrapper.swift in Sources */ = {isa = PBXBuildFile; fileRef = BB990B961CDA8F3700F162DF /* ReactiveComicWrapper.swift */; };
		D91CAA48B9EBC10648B14204 /* Pods_xkcd_swiftTests.framework in Frameworks */ = {isa = PBXBuildFile; fileRef = F6B4C226EFBC72468E994241 /* Pods_xkcd_swiftTests.framework */; };
		F31634031A6B0D7400B8FBAC /* LaunchScreen.xib in Resources */ = {isa = PBXBuildFile; fileRef = F31633FA1A6B0D7400B8FBAC /* LaunchScreen.xib */; };
		F31634041A6B0D7400B8FBAC /* Images.xcassets in Resources */ = {isa = PBXBuildFile; fileRef = F31633FC1A6B0D7400B8FBAC /* Images.xcassets */; };
		F31634061A6B0D7400B8FBAC /* AppDelegate.swift in Sources */ = {isa = PBXBuildFile; fileRef = F31633FF1A6B0D7400B8FBAC /* AppDelegate.swift */; };
		F3C4C4731A6B0B6500F8F15E /* xkcd_swiftTests.swift in Sources */ = {isa = PBXBuildFile; fileRef = F3C4C4721A6B0B6500F8F15E /* xkcd_swiftTests.swift */; };
/* End PBXBuildFile section */

/* Begin PBXContainerItemProxy section */
		F3A6CC9B1B5984BE009D1870 /* PBXContainerItemProxy */ = {
			isa = PBXContainerItemProxy;
			containerPortal = F3A6CC941B5984BE009D1870 /* SwiftTask.xcodeproj */;
			proxyType = 2;
			remoteGlobalIDString = 1F46DED4199EDF1000F97868;
			remoteInfo = "SwiftTask-OSX";
		};
		F3A6CC9D1B5984BE009D1870 /* PBXContainerItemProxy */ = {
			isa = PBXContainerItemProxy;
			containerPortal = F3A6CC941B5984BE009D1870 /* SwiftTask.xcodeproj */;
			proxyType = 2;
			remoteGlobalIDString = 1F46DEDF199EDF1000F97868;
			remoteInfo = "SwiftTask-OSXTests";
		};
		F3A6CC9F1B5984BE009D1870 /* PBXContainerItemProxy */ = {
			isa = PBXContainerItemProxy;
			containerPortal = F3A6CC941B5984BE009D1870 /* SwiftTask.xcodeproj */;
			proxyType = 2;
			remoteGlobalIDString = 48CD5A0C19AEE3570042B9F1;
			remoteInfo = "SwiftTask-iOS";
		};
		F3A6CCA11B5984BE009D1870 /* PBXContainerItemProxy */ = {
			isa = PBXContainerItemProxy;
			containerPortal = F3A6CC941B5984BE009D1870 /* SwiftTask.xcodeproj */;
			proxyType = 2;
			remoteGlobalIDString = 4822F0D019D00ABF00F5F572;
			remoteInfo = "SwiftTask-iOSTests";
		};
		F3C4C46D1A6B0B6500F8F15E /* PBXContainerItemProxy */ = {
			isa = PBXContainerItemProxy;
			containerPortal = F3C4C44F1A6B0B6500F8F15E /* Project object */;
			proxyType = 1;
			remoteGlobalIDString = F3C4C4561A6B0B6500F8F15E;
			remoteInfo = "xkcd-swift";
		};
		F3FBB1701B66932700F62CFE /* PBXContainerItemProxy */ = {
			isa = PBXContainerItemProxy;
			containerPortal = F3FBB1671B66932700F62CFE /* Result.xcodeproj */;
			proxyType = 2;
			remoteGlobalIDString = D45480571A9572F5009D7229;
			remoteInfo = "Result-Mac";
		};
		F3FBB1721B66932700F62CFE /* PBXContainerItemProxy */ = {
			isa = PBXContainerItemProxy;
			containerPortal = F3FBB1671B66932700F62CFE /* Result.xcodeproj */;
			proxyType = 2;
			remoteGlobalIDString = D45480671A9572F5009D7229;
			remoteInfo = "Result-MacTests";
		};
		F3FBB1741B66932700F62CFE /* PBXContainerItemProxy */ = {
			isa = PBXContainerItemProxy;
			containerPortal = F3FBB1671B66932700F62CFE /* Result.xcodeproj */;
			proxyType = 2;
			remoteGlobalIDString = D454807D1A957361009D7229;
			remoteInfo = "Result-iOS";
		};
		F3FBB1761B66932700F62CFE /* PBXContainerItemProxy */ = {
			isa = PBXContainerItemProxy;
			containerPortal = F3FBB1671B66932700F62CFE /* Result.xcodeproj */;
			proxyType = 2;
			remoteGlobalIDString = D45480871A957362009D7229;
			remoteInfo = "Result-iOSTests";
		};
		F3FBB1781B66932700F62CFE /* PBXContainerItemProxy */ = {
			isa = PBXContainerItemProxy;
			containerPortal = F3FBB1671B66932700F62CFE /* Result.xcodeproj */;
			proxyType = 2;
			remoteGlobalIDString = D03579A31B2B788F005D26AE;
			remoteInfo = "Result-watchOS";
		};
		F3FBB17A1B66932700F62CFE /* PBXContainerItemProxy */ = {
			isa = PBXContainerItemProxy;
			containerPortal = F3FBB1671B66932700F62CFE /* Result.xcodeproj */;
			proxyType = 2;
			remoteGlobalIDString = D03579B01B2B78A1005D26AE;
			remoteInfo = "Result-watchOSTests";
		};
/* End PBXContainerItemProxy section */

/* Begin PBXFileReference section */
		14DE5CFF3290DFF8DFA54059 /* Pods-xkcd-swiftTests.release.xcconfig */ = {isa = PBXFileReference; includeInIndex = 1; lastKnownFileType = text.xcconfig; name = "Pods-xkcd-swiftTests.release.xcconfig"; path = "Pods/Target Support Files/Pods-xkcd-swiftTests/Pods-xkcd-swiftTests.release.xcconfig"; sourceTree = "<group>"; };
		4F13A51CFA5C0FDE69001E42 /* Pods_xkcd_swift.framework */ = {isa = PBXFileReference; explicitFileType = wrapper.framework; includeInIndex = 0; path = Pods_xkcd_swift.framework; sourceTree = BUILT_PRODUCTS_DIR; };
		BB7660E31CD660F200543547 /* Comic.swift */ = {isa = PBXFileReference; fileEncoding = 4; lastKnownFileType = sourcecode.swift; path = Comic.swift; sourceTree = "<group>"; };
		BB7660E41CD660F200543547 /* ComicIdentifier.swift */ = {isa = PBXFileReference; fileEncoding = 4; lastKnownFileType = sourcecode.swift; path = ComicIdentifier.swift; sourceTree = "<group>"; };
		BB7660E51CD660F200543547 /* ComicImageKinds.swift */ = {isa = PBXFileReference; fileEncoding = 4; lastKnownFileType = sourcecode.swift; path = ComicImageKinds.swift; sourceTree = "<group>"; };
		BB7660E71CD660F200543547 /* Typealiases.swift */ = {isa = PBXFileReference; fileEncoding = 4; lastKnownFileType = sourcecode.swift; path = Typealiases.swift; sourceTree = "<group>"; };
		BB7660EC1CD660F200543547 /* ComicListInteractorImpl.swift */ = {isa = PBXFileReference; fileEncoding = 4; lastKnownFileType = sourcecode.swift; path = ComicListInteractorImpl.swift; sourceTree = "<group>"; };
		BB7660ED1CD660F200543547 /* ComicRepositoryImpl.swift */ = {isa = PBXFileReference; fileEncoding = 4; lastKnownFileType = sourcecode.swift; path = ComicRepositoryImpl.swift; sourceTree = "<group>"; };
		BB7660EF1CD660F200543547 /* ComicListInteractor.swift */ = {isa = PBXFileReference; fileEncoding = 4; lastKnownFileType = sourcecode.swift; path = ComicListInteractor.swift; sourceTree = "<group>"; };
		BB7660F01CD660F200543547 /* ComicRepository.swift */ = {isa = PBXFileReference; fileEncoding = 4; lastKnownFileType = sourcecode.swift; path = ComicRepository.swift; sourceTree = "<group>"; };
		BB7660F31CD660F200543547 /* ImageNetworkingServiceImpl.swift */ = {isa = PBXFileReference; fileEncoding = 4; lastKnownFileType = sourcecode.swift; path = ImageNetworkingServiceImpl.swift; sourceTree = "<group>"; };
		BB7660F41CD660F200543547 /* ComicNetworkingServiceImpl.swift */ = {isa = PBXFileReference; fileEncoding = 4; lastKnownFileType = sourcecode.swift; path = ComicNetworkingServiceImpl.swift; sourceTree = "<group>"; };
		BB7660F51CD660F200543547 /* ComicParsingServiceImpl.swift */ = {isa = PBXFileReference; fileEncoding = 4; lastKnownFileType = sourcecode.swift; path = ComicParsingServiceImpl.swift; sourceTree = "<group>"; };
		BB7660F61CD660F200543547 /* ImageLoadingServiceImpl.swift */ = {isa = PBXFileReference; fileEncoding = 4; lastKnownFileType = sourcecode.swift; path = ImageLoadingServiceImpl.swift; sourceTree = "<group>"; };
		BB7660F81CD660F200543547 /* ImageNetworkingService.swift */ = {isa = PBXFileReference; fileEncoding = 4; lastKnownFileType = sourcecode.swift; path = ImageNetworkingService.swift; sourceTree = "<group>"; };
		BB7660F91CD660F200543547 /* ComicNetworkingService.swift */ = {isa = PBXFileReference; fileEncoding = 4; lastKnownFileType = sourcecode.swift; path = ComicNetworkingService.swift; sourceTree = "<group>"; };
		BB7660FA1CD660F200543547 /* ComicParsingService.swift */ = {isa = PBXFileReference; fileEncoding = 4; lastKnownFileType = sourcecode.swift; path = ComicParsingService.swift; sourceTree = "<group>"; };
		BB76610F1CD6614500543547 /* MainWireframe.swift */ = {isa = PBXFileReference; fileEncoding = 4; lastKnownFileType = sourcecode.swift; path = MainWireframe.swift; sourceTree = "<group>"; };
		BB7661111CD6615500543547 /* MainWireframeImpl.swift */ = {isa = PBXFileReference; fileEncoding = 4; lastKnownFileType = sourcecode.swift; path = MainWireframeImpl.swift; sourceTree = "<group>"; };
		BB7661131CD661C500543547 /* AppConfiguration.swift */ = {isa = PBXFileReference; fileEncoding = 4; lastKnownFileType = sourcecode.swift; path = AppConfiguration.swift; sourceTree = "<group>"; };
		BB7661151CD661E600543547 /* AppConfigurationImpl.swift */ = {isa = PBXFileReference; fileEncoding = 4; lastKnownFileType = sourcecode.swift; path = AppConfigurationImpl.swift; sourceTree = "<group>"; };
		BB7661171CD6627300543547 /* ComicListRouter.swift */ = {isa = PBXFileReference; fileEncoding = 4; lastKnownFileType = sourcecode.swift; path = ComicListRouter.swift; sourceTree = "<group>"; };
		BB7661191CD6632E00543547 /* ComicListPresenter.swift */ = {isa = PBXFileReference; fileEncoding = 4; lastKnownFileType = sourcecode.swift; path = ComicListPresenter.swift; sourceTree = "<group>"; };
		BB76611B1CD6634B00543547 /* ComicListPresenterImpl.swift */ = {isa = PBXFileReference; fileEncoding = 4; lastKnownFileType = sourcecode.swift; path = ComicListPresenterImpl.swift; sourceTree = "<group>"; };
		BB8C40D41CE12A2300183073 /* ComicListLoadingPresenter.swift */ = {isa = PBXFileReference; fileEncoding = 4; lastKnownFileType = sourcecode.swift; path = ComicListLoadingPresenter.swift; sourceTree = "<group>"; };
		BB8C40D61CE12AF600183073 /* ComicListLoadingViewController.swift */ = {isa = PBXFileReference; fileEncoding = 4; lastKnownFileType = sourcecode.swift; path = ComicListLoadingViewController.swift; sourceTree = "<group>"; };
		BB8C40D81CE12C5E00183073 /* ComicListViewController.swift */ = {isa = PBXFileReference; fileEncoding = 4; lastKnownFileType = sourcecode.swift; path = ComicListViewController.swift; sourceTree = "<group>"; };
		BB8C40DA1CE12DAC00183073 /* UINavigationController+RootViewController.swift */ = {isa = PBXFileReference; fileEncoding = 4; lastKnownFileType = sourcecode.swift; path = "UINavigationController+RootViewController.swift"; sourceTree = "<group>"; };
		BB8C40DC1CE1315E00183073 /* ComicListLoadingViewController.xib */ = {isa = PBXFileReference; fileEncoding = 4; lastKnownFileType = file.xib; path = ComicListLoadingViewController.xib; sourceTree = "<group>"; };
		BB8C40DE1CE1324500183073 /* ImageLoadingService.swift */ = {isa = PBXFileReference; fileEncoding = 4; lastKnownFileType = sourcecode.swift; path = ImageLoadingService.swift; sourceTree = "<group>"; };
		BB990B961CDA8F3700F162DF /* ReactiveComicWrapper.swift */ = {isa = PBXFileReference; fileEncoding = 4; lastKnownFileType = sourcecode.swift; path = ReactiveComicWrapper.swift; sourceTree = "<group>"; };
		D235D8B61CE77F44D2D53A1D /* Pods-xkcd-swiftTests.debug.xcconfig */ = {isa = PBXFileReference; includeInIndex = 1; lastKnownFileType = text.xcconfig; name = "Pods-xkcd-swiftTests.debug.xcconfig"; path = "Pods/Target Support Files/Pods-xkcd-swiftTests/Pods-xkcd-swiftTests.debug.xcconfig"; sourceTree = "<group>"; };
		E03BBA655CEEEF8CE4DAA395 /* Pods-xkcd-swift.release.xcconfig */ = {isa = PBXFileReference; includeInIndex = 1; lastKnownFileType = text.xcconfig; name = "Pods-xkcd-swift.release.xcconfig"; path = "Pods/Target Support Files/Pods-xkcd-swift/Pods-xkcd-swift.release.xcconfig"; sourceTree = "<group>"; };
		F31633FB1A6B0D7400B8FBAC /* Base */ = {isa = PBXFileReference; lastKnownFileType = file.xib; name = Base; path = Base.lproj/LaunchScreen.xib; sourceTree = "<group>"; };
		F31633FC1A6B0D7400B8FBAC /* Images.xcassets */ = {isa = PBXFileReference; lastKnownFileType = folder.assetcatalog; path = Images.xcassets; sourceTree = "<group>"; };
		F31633FD1A6B0D7400B8FBAC /* Info.plist */ = {isa = PBXFileReference; fileEncoding = 4; lastKnownFileType = text.plist.xml; path = Info.plist; sourceTree = "<group>"; };
		F31633FF1A6B0D7400B8FBAC /* AppDelegate.swift */ = {isa = PBXFileReference; fileEncoding = 4; lastKnownFileType = sourcecode.swift; path = AppDelegate.swift; sourceTree = "<group>"; };
		F3A6CC941B5984BE009D1870 /* SwiftTask.xcodeproj */ = {isa = PBXFileReference; lastKnownFileType = "wrapper.pb-project"; name = SwiftTask.xcodeproj; path = Carthage/Checkouts/SwiftTask/SwiftTask.xcodeproj; sourceTree = "<group>"; };
		F3C4C4571A6B0B6500F8F15E /* xkcd-swift.app */ = {isa = PBXFileReference; explicitFileType = wrapper.application; includeInIndex = 0; path = "xkcd-swift.app"; sourceTree = BUILT_PRODUCTS_DIR; };
		F3C4C46C1A6B0B6500F8F15E /* xkcd-swiftTests.xctest */ = {isa = PBXFileReference; explicitFileType = wrapper.cfbundle; includeInIndex = 0; path = "xkcd-swiftTests.xctest"; sourceTree = BUILT_PRODUCTS_DIR; };
		F3C4C4711A6B0B6500F8F15E /* Info.plist */ = {isa = PBXFileReference; lastKnownFileType = text.plist.xml; path = Info.plist; sourceTree = "<group>"; };
		F3C4C4721A6B0B6500F8F15E /* xkcd_swiftTests.swift */ = {isa = PBXFileReference; lastKnownFileType = sourcecode.swift; path = xkcd_swiftTests.swift; sourceTree = "<group>"; };
		F3D1262F1B59813A000F23AB /* SwiftTask.framework */ = {isa = PBXFileReference; lastKnownFileType = wrapper.framework; name = SwiftTask.framework; path = Carthage/Build/iOS/SwiftTask.framework; sourceTree = "<group>"; };
		F3FBB1651B66900A00F62CFE /* Result.framework */ = {isa = PBXFileReference; lastKnownFileType = wrapper.framework; name = Result.framework; path = Carthage/Build/iOS/Result.framework; sourceTree = "<group>"; };
		F3FBB1671B66932700F62CFE /* Result.xcodeproj */ = {isa = PBXFileReference; lastKnownFileType = "wrapper.pb-project"; name = Result.xcodeproj; path = Carthage/Checkouts/Result/Result.xcodeproj; sourceTree = "<group>"; };
		F6B4C226EFBC72468E994241 /* Pods_xkcd_swiftTests.framework */ = {isa = PBXFileReference; explicitFileType = wrapper.framework; includeInIndex = 0; path = Pods_xkcd_swiftTests.framework; sourceTree = BUILT_PRODUCTS_DIR; };
		FF523999273CCD4DABD90E53 /* Pods-xkcd-swift.debug.xcconfig */ = {isa = PBXFileReference; includeInIndex = 1; lastKnownFileType = text.xcconfig; name = "Pods-xkcd-swift.debug.xcconfig"; path = "Pods/Target Support Files/Pods-xkcd-swift/Pods-xkcd-swift.debug.xcconfig"; sourceTree = "<group>"; };
/* End PBXFileReference section */

/* Begin PBXFrameworksBuildPhase section */
		F3C4C4541A6B0B6500F8F15E /* Frameworks */ = {
			isa = PBXFrameworksBuildPhase;
			buildActionMask = 2147483647;
			files = (
				1C586A989A13CB7771E6F8B9 /* Pods_xkcd_swift.framework in Frameworks */,
			);
			runOnlyForDeploymentPostprocessing = 0;
		};
		F3C4C4691A6B0B6500F8F15E /* Frameworks */ = {
			isa = PBXFrameworksBuildPhase;
			buildActionMask = 2147483647;
			files = (
				D91CAA48B9EBC10648B14204 /* Pods_xkcd_swiftTests.framework in Frameworks */,
			);
			runOnlyForDeploymentPostprocessing = 0;
		};
/* End PBXFrameworksBuildPhase section */

/* Begin PBXGroup section */
		2E67CB7869DAADCC6D94587D /* Pods */ = {
			isa = PBXGroup;
			children = (
				FF523999273CCD4DABD90E53 /* Pods-xkcd-swift.debug.xcconfig */,
				E03BBA655CEEEF8CE4DAA395 /* Pods-xkcd-swift.release.xcconfig */,
				D235D8B61CE77F44D2D53A1D /* Pods-xkcd-swiftTests.debug.xcconfig */,
				14DE5CFF3290DFF8DFA54059 /* Pods-xkcd-swiftTests.release.xcconfig */,
			);
			name = Pods;
			sourceTree = "<group>";
		};
		505F0CF10922F3EF4C591B79 /* Frameworks */ = {
			isa = PBXGroup;
			children = (
				F3FBB1671B66932700F62CFE /* Result.xcodeproj */,
				F3FBB1651B66900A00F62CFE /* Result.framework */,
				F3A6CC941B5984BE009D1870 /* SwiftTask.xcodeproj */,
				F3D1262F1B59813A000F23AB /* SwiftTask.framework */,
				4F13A51CFA5C0FDE69001E42 /* Pods_xkcd_swift.framework */,
				F6B4C226EFBC72468E994241 /* Pods_xkcd_swiftTests.framework */,
			);
			name = Frameworks;
			sourceTree = "<group>";
		};
		BB7660DF1CD660F200543547 /* Configurations */ = {
			isa = PBXGroup;
			children = (
				BB7660E01CD660F200543547 /* Implementations */,
				BB7660E11CD660F200543547 /* Protocols */,
			);
			path = Configurations;
			sourceTree = "<group>";
		};
		BB7660E01CD660F200543547 /* Implementations */ = {
			isa = PBXGroup;
			children = (
				BB7661151CD661E600543547 /* AppConfigurationImpl.swift */,
			);
			path = Implementations;
			sourceTree = "<group>";
		};
		BB7660E11CD660F200543547 /* Protocols */ = {
			isa = PBXGroup;
			children = (
				BB7661131CD661C500543547 /* AppConfiguration.swift */,
			);
			path = Protocols;
			sourceTree = "<group>";
		};
		BB7660E21CD660F200543547 /* Entities */ = {
			isa = PBXGroup;
			children = (
				BB7660E31CD660F200543547 /* Comic.swift */,
				BB7660E41CD660F200543547 /* ComicIdentifier.swift */,
				BB7660E51CD660F200543547 /* ComicImageKinds.swift */,
				BB990B961CDA8F3700F162DF /* ReactiveComicWrapper.swift */,
			);
			path = Entities;
			sourceTree = "<group>";
		};
		BB7660E61CD660F200543547 /* Infrastructure */ = {
			isa = PBXGroup;
			children = (
				BB7660E71CD660F200543547 /* Typealiases.swift */,
				BB8C40DA1CE12DAC00183073 /* UINavigationController+RootViewController.swift */,
			);
			path = Infrastructure;
			sourceTree = "<group>";
		};
		BB7660E91CD660F200543547 /* Modules */ = {
			isa = PBXGroup;
			children = (
				BB7660EA1CD660F200543547 /* ComicList */,
			);
			path = Modules;
			sourceTree = "<group>";
		};
		BB7660EA1CD660F200543547 /* ComicList */ = {
			isa = PBXGroup;
			children = (
				BB7660EB1CD660F200543547 /* Implementations */,
				BB7660EE1CD660F200543547 /* Protocols */,
			);
			path = ComicList;
			sourceTree = "<group>";
		};
		BB7660EB1CD660F200543547 /* Implementations */ = {
			isa = PBXGroup;
			children = (
				BB7660EC1CD660F200543547 /* ComicListInteractorImpl.swift */,
				BB7660ED1CD660F200543547 /* ComicRepositoryImpl.swift */,
				BB76611B1CD6634B00543547 /* ComicListPresenterImpl.swift */,
			);
			path = Implementations;
			sourceTree = "<group>";
		};
		BB7660EE1CD660F200543547 /* Protocols */ = {
			isa = PBXGroup;
			children = (
				BB7660EF1CD660F200543547 /* ComicListInteractor.swift */,
				BB7660F01CD660F200543547 /* ComicRepository.swift */,
				BB7661171CD6627300543547 /* ComicListRouter.swift */,
				BB7661191CD6632E00543547 /* ComicListPresenter.swift */,
				BB8C40D41CE12A2300183073 /* ComicListLoadingPresenter.swift */,
			);
			path = Protocols;
			sourceTree = "<group>";
		};
		BB7660F11CD660F200543547 /* Services */ = {
			isa = PBXGroup;
			children = (
				BB7660F21CD660F200543547 /* Implementations */,
				BB7660F71CD660F200543547 /* Protocols */,
			);
			path = Services;
			sourceTree = "<group>";
		};
		BB7660F21CD660F200543547 /* Implementations */ = {
			isa = PBXGroup;
			children = (
				BB7660F31CD660F200543547 /* ImageNetworkingServiceImpl.swift */,
				BB7660F41CD660F200543547 /* ComicNetworkingServiceImpl.swift */,
				BB7660F51CD660F200543547 /* ComicParsingServiceImpl.swift */,
				BB7660F61CD660F200543547 /* ImageLoadingServiceImpl.swift */,
			);
			path = Implementations;
			sourceTree = "<group>";
		};
		BB7660F71CD660F200543547 /* Protocols */ = {
			isa = PBXGroup;
			children = (
				BB7660F81CD660F200543547 /* ImageNetworkingService.swift */,
				BB7660F91CD660F200543547 /* ComicNetworkingService.swift */,
				BB7660FA1CD660F200543547 /* ComicParsingService.swift */,
				BB8C40DE1CE1324500183073 /* ImageLoadingService.swift */,
			);
			path = Protocols;
			sourceTree = "<group>";
		};
		BB7660FB1CD660F200543547 /* UI */ = {
			isa = PBXGroup;
			children = (
				BB8C40D61CE12AF600183073 /* ComicListLoadingViewController.swift */,
				BB8C40DC1CE1315E00183073 /* ComicListLoadingViewController.xib */,
				BB8C40D81CE12C5E00183073 /* ComicListViewController.swift */,
			);
			path = UI;
			sourceTree = "<group>";
		};
		BB7660FC1CD660F200543547 /* Wireframes */ = {
			isa = PBXGroup;
			children = (
				BB7660FD1CD660F200543547 /* Implementations */,
				BB7660FE1CD660F200543547 /* Protocols */,
			);
			path = Wireframes;
			sourceTree = "<group>";
		};
		BB7660FD1CD660F200543547 /* Implementations */ = {
			isa = PBXGroup;
			children = (
				BB7661111CD6615500543547 /* MainWireframeImpl.swift */,
			);
			path = Implementations;
			sourceTree = "<group>";
		};
		BB7660FE1CD660F200543547 /* Protocols */ = {
			isa = PBXGroup;
			children = (
				BB76610F1CD6614500543547 /* MainWireframe.swift */,
			);
			path = Protocols;
			sourceTree = "<group>";
		};
		F31633F91A6B0D7400B8FBAC /* resources */ = {
			isa = PBXGroup;
			children = (
				F31633FA1A6B0D7400B8FBAC /* LaunchScreen.xib */,
				F31633FC1A6B0D7400B8FBAC /* Images.xcassets */,
				F31633FD1A6B0D7400B8FBAC /* Info.plist */,
			);
			path = resources;
			sourceTree = "<group>";
		};
		F31633FE1A6B0D7400B8FBAC /* src */ = {
			isa = PBXGroup;
			children = (
				BB7660DF1CD660F200543547 /* Configurations */,
				BB7660E21CD660F200543547 /* Entities */,
				BB7660E61CD660F200543547 /* Infrastructure */,
				BB7660E91CD660F200543547 /* Modules */,
				BB7660F11CD660F200543547 /* Services */,
				BB7660FB1CD660F200543547 /* UI */,
				BB7660FC1CD660F200543547 /* Wireframes */,
				F31633FF1A6B0D7400B8FBAC /* AppDelegate.swift */,
			);
			path = src;
			sourceTree = "<group>";
		};
		F3A6CC951B5984BE009D1870 /* Products */ = {
			isa = PBXGroup;
			children = (
				F3A6CC9C1B5984BE009D1870 /* SwiftTask.framework */,
				F3A6CC9E1B5984BE009D1870 /* SwiftTask-OSXTests.xctest */,
				F3A6CCA01B5984BE009D1870 /* SwiftTask.framework */,
				F3A6CCA21B5984BE009D1870 /* SwiftTask-iOSTests.xctest */,
			);
			name = Products;
			sourceTree = "<group>";
		};
		F3C4C44E1A6B0B6500F8F15E = {
			isa = PBXGroup;
			children = (
				F31633F91A6B0D7400B8FBAC /* resources */,
				F31633FE1A6B0D7400B8FBAC /* src */,
				F3C4C46F1A6B0B6500F8F15E /* xkcd-swiftTests */,
				F3C4C4581A6B0B6500F8F15E /* Products */,
				505F0CF10922F3EF4C591B79 /* Frameworks */,
				2E67CB7869DAADCC6D94587D /* Pods */,
			);
			sourceTree = "<group>";
		};
		F3C4C4581A6B0B6500F8F15E /* Products */ = {
			isa = PBXGroup;
			children = (
				F3C4C4571A6B0B6500F8F15E /* xkcd-swift.app */,
				F3C4C46C1A6B0B6500F8F15E /* xkcd-swiftTests.xctest */,
			);
			name = Products;
			sourceTree = "<group>";
		};
		F3C4C46F1A6B0B6500F8F15E /* xkcd-swiftTests */ = {
			isa = PBXGroup;
			children = (
				F3C4C4721A6B0B6500F8F15E /* xkcd_swiftTests.swift */,
				F3C4C4701A6B0B6500F8F15E /* Supporting Files */,
			);
			path = "xkcd-swiftTests";
			sourceTree = "<group>";
		};
		F3C4C4701A6B0B6500F8F15E /* Supporting Files */ = {
			isa = PBXGroup;
			children = (
				F3C4C4711A6B0B6500F8F15E /* Info.plist */,
			);
			name = "Supporting Files";
			sourceTree = "<group>";
		};
		F3FBB1681B66932700F62CFE /* Products */ = {
			isa = PBXGroup;
			children = (
				F3FBB1711B66932700F62CFE /* Result.framework */,
				F3FBB1731B66932700F62CFE /* Result-MacTests.xctest */,
				F3FBB1751B66932700F62CFE /* Result.framework */,
				F3FBB1771B66932700F62CFE /* Result-iOSTests.xctest */,
				F3FBB1791B66932700F62CFE /* Result.framework */,
				F3FBB17B1B66932700F62CFE /* Result-watchOSTests.xctest */,
			);
			name = Products;
			sourceTree = "<group>";
		};
/* End PBXGroup section */

/* Begin PBXNativeTarget section */
		F3C4C4561A6B0B6500F8F15E /* xkcd-swift */ = {
			isa = PBXNativeTarget;
			buildConfigurationList = F3C4C4761A6B0B6500F8F15E /* Build configuration list for PBXNativeTarget "xkcd-swift" */;
			buildPhases = (
				9A538E402EE1C4028876D03A /* 📦 Check Pods Manifest.lock */,
				F3C4C4531A6B0B6500F8F15E /* Sources */,
				F3C4C4541A6B0B6500F8F15E /* Frameworks */,
				F3C4C4551A6B0B6500F8F15E /* Resources */,
				8BFD10545B4C8F2BD837C88D /* 📦 Embed Pods Frameworks */,
				AF1466D7F6B67577D3689AAA /* 📦 Copy Pods Resources */,
			);
			buildRules = (
			);
			dependencies = (
			);
			name = "xkcd-swift";
			productName = "xkcd-swift";
			productReference = F3C4C4571A6B0B6500F8F15E /* xkcd-swift.app */;
			productType = "com.apple.product-type.application";
		};
		F3C4C46B1A6B0B6500F8F15E /* xkcd-swiftTests */ = {
			isa = PBXNativeTarget;
			buildConfigurationList = F3C4C4791A6B0B6500F8F15E /* Build configuration list for PBXNativeTarget "xkcd-swiftTests" */;
			buildPhases = (
				2845AA9D8DECDA397A092B5E /* 📦 Check Pods Manifest.lock */,
				F3C4C4681A6B0B6500F8F15E /* Sources */,
				F3C4C4691A6B0B6500F8F15E /* Frameworks */,
				F3C4C46A1A6B0B6500F8F15E /* Resources */,
				9A25061F86E65BF334E9B9EA /* 📦 Embed Pods Frameworks */,
				B195865A9A4A8122F634E598 /* 📦 Copy Pods Resources */,
			);
			buildRules = (
			);
			dependencies = (
				F3C4C46E1A6B0B6500F8F15E /* PBXTargetDependency */,
			);
			name = "xkcd-swiftTests";
			productName = "xkcd-swiftTests";
			productReference = F3C4C46C1A6B0B6500F8F15E /* xkcd-swiftTests.xctest */;
			productType = "com.apple.product-type.bundle.unit-test";
		};
/* End PBXNativeTarget section */

/* Begin PBXProject section */
		F3C4C44F1A6B0B6500F8F15E /* Project object */ = {
			isa = PBXProject;
			attributes = {
				LastSwiftUpdateCheck = 0700;
				LastUpgradeCheck = 0700;
				TargetAttributes = {
					F3C4C4561A6B0B6500F8F15E = {
						CreatedOnToolsVersion = 6.1.1;
					};
					F3C4C46B1A6B0B6500F8F15E = {
						CreatedOnToolsVersion = 6.1.1;
						TestTargetID = F3C4C4561A6B0B6500F8F15E;
					};
				};
			};
			buildConfigurationList = F3C4C4521A6B0B6500F8F15E /* Build configuration list for PBXProject "xkcd-swift" */;
			compatibilityVersion = "Xcode 3.2";
			developmentRegion = English;
			hasScannedForEncodings = 0;
			knownRegions = (
				en,
				Base,
			);
			mainGroup = F3C4C44E1A6B0B6500F8F15E;
			productRefGroup = F3C4C4581A6B0B6500F8F15E /* Products */;
			projectDirPath = "";
			projectReferences = (
				{
					ProductGroup = F3FBB1681B66932700F62CFE /* Products */;
					ProjectRef = F3FBB1671B66932700F62CFE /* Result.xcodeproj */;
				},
				{
					ProductGroup = F3A6CC951B5984BE009D1870 /* Products */;
					ProjectRef = F3A6CC941B5984BE009D1870 /* SwiftTask.xcodeproj */;
				},
			);
			projectRoot = "";
			targets = (
				F3C4C4561A6B0B6500F8F15E /* xkcd-swift */,
				F3C4C46B1A6B0B6500F8F15E /* xkcd-swiftTests */,
			);
		};
/* End PBXProject section */

/* Begin PBXReferenceProxy section */
		F3A6CC9C1B5984BE009D1870 /* SwiftTask.framework */ = {
			isa = PBXReferenceProxy;
			fileType = wrapper.framework;
			path = SwiftTask.framework;
			remoteRef = F3A6CC9B1B5984BE009D1870 /* PBXContainerItemProxy */;
			sourceTree = BUILT_PRODUCTS_DIR;
		};
		F3A6CC9E1B5984BE009D1870 /* SwiftTask-OSXTests.xctest */ = {
			isa = PBXReferenceProxy;
			fileType = wrapper.cfbundle;
			path = "SwiftTask-OSXTests.xctest";
			remoteRef = F3A6CC9D1B5984BE009D1870 /* PBXContainerItemProxy */;
			sourceTree = BUILT_PRODUCTS_DIR;
		};
		F3A6CCA01B5984BE009D1870 /* SwiftTask.framework */ = {
			isa = PBXReferenceProxy;
			fileType = wrapper.framework;
			path = SwiftTask.framework;
			remoteRef = F3A6CC9F1B5984BE009D1870 /* PBXContainerItemProxy */;
			sourceTree = BUILT_PRODUCTS_DIR;
		};
		F3A6CCA21B5984BE009D1870 /* SwiftTask-iOSTests.xctest */ = {
			isa = PBXReferenceProxy;
			fileType = wrapper.cfbundle;
			path = "SwiftTask-iOSTests.xctest";
			remoteRef = F3A6CCA11B5984BE009D1870 /* PBXContainerItemProxy */;
			sourceTree = BUILT_PRODUCTS_DIR;
		};
		F3FBB1711B66932700F62CFE /* Result.framework */ = {
			isa = PBXReferenceProxy;
			fileType = wrapper.framework;
			path = Result.framework;
			remoteRef = F3FBB1701B66932700F62CFE /* PBXContainerItemProxy */;
			sourceTree = BUILT_PRODUCTS_DIR;
		};
		F3FBB1731B66932700F62CFE /* Result-MacTests.xctest */ = {
			isa = PBXReferenceProxy;
			fileType = wrapper.cfbundle;
			path = "Result-MacTests.xctest";
			remoteRef = F3FBB1721B66932700F62CFE /* PBXContainerItemProxy */;
			sourceTree = BUILT_PRODUCTS_DIR;
		};
		F3FBB1751B66932700F62CFE /* Result.framework */ = {
			isa = PBXReferenceProxy;
			fileType = wrapper.framework;
			path = Result.framework;
			remoteRef = F3FBB1741B66932700F62CFE /* PBXContainerItemProxy */;
			sourceTree = BUILT_PRODUCTS_DIR;
		};
		F3FBB1771B66932700F62CFE /* Result-iOSTests.xctest */ = {
			isa = PBXReferenceProxy;
			fileType = wrapper.cfbundle;
			path = "Result-iOSTests.xctest";
			remoteRef = F3FBB1761B66932700F62CFE /* PBXContainerItemProxy */;
			sourceTree = BUILT_PRODUCTS_DIR;
		};
		F3FBB1791B66932700F62CFE /* Result.framework */ = {
			isa = PBXReferenceProxy;
			fileType = wrapper.framework;
			path = Result.framework;
			remoteRef = F3FBB1781B66932700F62CFE /* PBXContainerItemProxy */;
			sourceTree = BUILT_PRODUCTS_DIR;
		};
		F3FBB17B1B66932700F62CFE /* Result-watchOSTests.xctest */ = {
			isa = PBXReferenceProxy;
			fileType = wrapper.cfbundle;
			path = "Result-watchOSTests.xctest";
			remoteRef = F3FBB17A1B66932700F62CFE /* PBXContainerItemProxy */;
			sourceTree = BUILT_PRODUCTS_DIR;
		};
/* End PBXReferenceProxy section */

/* Begin PBXResourcesBuildPhase section */
		F3C4C4551A6B0B6500F8F15E /* Resources */ = {
			isa = PBXResourcesBuildPhase;
			buildActionMask = 2147483647;
			files = (
				F31634031A6B0D7400B8FBAC /* LaunchScreen.xib in Resources */,
				BB8C40DD1CE1315E00183073 /* ComicListLoadingViewController.xib in Resources */,
				F31634041A6B0D7400B8FBAC /* Images.xcassets in Resources */,
			);
			runOnlyForDeploymentPostprocessing = 0;
		};
		F3C4C46A1A6B0B6500F8F15E /* Resources */ = {
			isa = PBXResourcesBuildPhase;
			buildActionMask = 2147483647;
			files = (
			);
			runOnlyForDeploymentPostprocessing = 0;
		};
/* End PBXResourcesBuildPhase section */

/* Begin PBXShellScriptBuildPhase section */
		2845AA9D8DECDA397A092B5E /* 📦 Check Pods Manifest.lock */ = {
			isa = PBXShellScriptBuildPhase;
			buildActionMask = 2147483647;
			files = (
			);
			inputPaths = (
			);
			name = "📦 Check Pods Manifest.lock";
			outputPaths = (
			);
			runOnlyForDeploymentPostprocessing = 0;
			shellPath = /bin/sh;
			shellScript = "diff \"${PODS_ROOT}/../Podfile.lock\" \"${PODS_ROOT}/Manifest.lock\" > /dev/null\nif [[ $? != 0 ]] ; then\n    cat << EOM\nerror: The sandbox is not in sync with the Podfile.lock. Run 'pod install' or update your CocoaPods installation.\nEOM\n    exit 1\nfi\n";
			showEnvVarsInLog = 0;
		};
		8BFD10545B4C8F2BD837C88D /* 📦 Embed Pods Frameworks */ = {
			isa = PBXShellScriptBuildPhase;
			buildActionMask = 2147483647;
			files = (
			);
			inputPaths = (
			);
			name = "📦 Embed Pods Frameworks";
			outputPaths = (
			);
			runOnlyForDeploymentPostprocessing = 0;
			shellPath = /bin/sh;
			shellScript = "\"${SRCROOT}/Pods/Target Support Files/Pods-xkcd-swift/Pods-xkcd-swift-frameworks.sh\"\n";
			showEnvVarsInLog = 0;
		};
		9A25061F86E65BF334E9B9EA /* 📦 Embed Pods Frameworks */ = {
			isa = PBXShellScriptBuildPhase;
			buildActionMask = 2147483647;
			files = (
			);
			inputPaths = (
			);
			name = "📦 Embed Pods Frameworks";
			outputPaths = (
			);
			runOnlyForDeploymentPostprocessing = 0;
			shellPath = /bin/sh;
			shellScript = "\"${SRCROOT}/Pods/Target Support Files/Pods-xkcd-swiftTests/Pods-xkcd-swiftTests-frameworks.sh\"\n";
			showEnvVarsInLog = 0;
		};
		9A538E402EE1C4028876D03A /* 📦 Check Pods Manifest.lock */ = {
			isa = PBXShellScriptBuildPhase;
			buildActionMask = 2147483647;
			files = (
			);
			inputPaths = (
			);
			name = "📦 Check Pods Manifest.lock";
			outputPaths = (
			);
			runOnlyForDeploymentPostprocessing = 0;
			shellPath = /bin/sh;
			shellScript = "diff \"${PODS_ROOT}/../Podfile.lock\" \"${PODS_ROOT}/Manifest.lock\" > /dev/null\nif [[ $? != 0 ]] ; then\n    cat << EOM\nerror: The sandbox is not in sync with the Podfile.lock. Run 'pod install' or update your CocoaPods installation.\nEOM\n    exit 1\nfi\n";
			showEnvVarsInLog = 0;
		};
		AF1466D7F6B67577D3689AAA /* 📦 Copy Pods Resources */ = {
			isa = PBXShellScriptBuildPhase;
			buildActionMask = 2147483647;
			files = (
			);
			inputPaths = (
			);
			name = "📦 Copy Pods Resources";
			outputPaths = (
			);
			runOnlyForDeploymentPostprocessing = 0;
			shellPath = /bin/sh;
			shellScript = "\"${SRCROOT}/Pods/Target Support Files/Pods-xkcd-swift/Pods-xkcd-swift-resources.sh\"\n";
			showEnvVarsInLog = 0;
		};
		B195865A9A4A8122F634E598 /* 📦 Copy Pods Resources */ = {
			isa = PBXShellScriptBuildPhase;
			buildActionMask = 2147483647;
			files = (
			);
			inputPaths = (
			);
			name = "📦 Copy Pods Resources";
			outputPaths = (
			);
			runOnlyForDeploymentPostprocessing = 0;
			shellPath = /bin/sh;
			shellScript = "\"${SRCROOT}/Pods/Target Support Files/Pods-xkcd-swiftTests/Pods-xkcd-swiftTests-resources.sh\"\n";
			showEnvVarsInLog = 0;
		};
/* End PBXShellScriptBuildPhase section */

/* Begin PBXSourcesBuildPhase section */
		F3C4C4531A6B0B6500F8F15E /* Sources */ = {
			isa = PBXSourcesBuildPhase;
			buildActionMask = 2147483647;
			files = (
				BB7661061CD660F200543547 /* ComicListInteractor.swift in Sources */,
				BB76610A1CD660F200543547 /* ComicParsingServiceImpl.swift in Sources */,
				BB7661181CD6627300543547 /* ComicListRouter.swift in Sources */,
				F31634061A6B0D7400B8FBAC /* AppDelegate.swift in Sources */,
				BB7661101CD6614500543547 /* MainWireframe.swift in Sources */,
				BB8C40D51CE12A2300183073 /* ComicListLoadingPresenter.swift in Sources */,
				BB7661051CD660F200543547 /* ComicRepositoryImpl.swift in Sources */,
				BB76610B1CD660F200543547 /* ImageLoadingServiceImpl.swift in Sources */,
				BB7661141CD661C500543547 /* AppConfiguration.swift in Sources */,
				BB76611C1CD6634B00543547 /* ComicListPresenterImpl.swift in Sources */,
				BB76610E1CD660F200543547 /* ComicParsingService.swift in Sources */,
				BB7660FF1CD660F200543547 /* Comic.swift in Sources */,
				BB7661021CD660F200543547 /* Typealiases.swift in Sources */,
				BB8C40DF1CE1324500183073 /* ImageLoadingService.swift in Sources */,
				BB990B971CDA8F3700F162DF /* ReactiveComicWrapper.swift in Sources */,
				BB8C40D91CE12C5E00183073 /* ComicListViewController.swift in Sources */,
				BB7661091CD660F200543547 /* ComicNetworkingServiceImpl.swift in Sources */,
				BB7661001CD660F200543547 /* ComicIdentifier.swift in Sources */,
				BB7661071CD660F200543547 /* ComicRepository.swift in Sources */,
				BB8C40D71CE12AF600183073 /* ComicListLoadingViewController.swift in Sources */,
				BB76610D1CD660F200543547 /* ComicNetworkingService.swift in Sources */,
				BB76610C1CD660F200543547 /* ImageNetworkingService.swift in Sources */,
				BB7661041CD660F200543547 /* ComicListInteractorImpl.swift in Sources */,
				BB8C40DB1CE12DAC00183073 /* UINavigationController+RootViewController.swift in Sources */,
				BB7661121CD6615500543547 /* MainWireframeImpl.swift in Sources */,
				BB7661161CD661E600543547 /* AppConfigurationImpl.swift in Sources */,
				BB7661011CD660F200543547 /* ComicImageKinds.swift in Sources */,
				BB76611A1CD6632E00543547 /* ComicListPresenter.swift in Sources */,
				BB7661081CD660F200543547 /* ImageNetworkingServiceImpl.swift in Sources */,
			);
			runOnlyForDeploymentPostprocessing = 0;
		};
		F3C4C4681A6B0B6500F8F15E /* Sources */ = {
			isa = PBXSourcesBuildPhase;
			buildActionMask = 2147483647;
			files = (
				F3C4C4731A6B0B6500F8F15E /* xkcd_swiftTests.swift in Sources */,
			);
			runOnlyForDeploymentPostprocessing = 0;
		};
/* End PBXSourcesBuildPhase section */

/* Begin PBXTargetDependency section */
		F3C4C46E1A6B0B6500F8F15E /* PBXTargetDependency */ = {
			isa = PBXTargetDependency;
			target = F3C4C4561A6B0B6500F8F15E /* xkcd-swift */;
			targetProxy = F3C4C46D1A6B0B6500F8F15E /* PBXContainerItemProxy */;
		};
/* End PBXTargetDependency section */

/* Begin PBXVariantGroup section */
		F31633FA1A6B0D7400B8FBAC /* LaunchScreen.xib */ = {
			isa = PBXVariantGroup;
			children = (
				F31633FB1A6B0D7400B8FBAC /* Base */,
			);
			name = LaunchScreen.xib;
			sourceTree = "<group>";
		};
/* End PBXVariantGroup section */

/* Begin XCBuildConfiguration section */
		F3C4C4741A6B0B6500F8F15E /* Debug */ = {
			isa = XCBuildConfiguration;
			buildSettings = {
				ALWAYS_SEARCH_USER_PATHS = NO;
				CLANG_CXX_LANGUAGE_STANDARD = "gnu++0x";
				CLANG_CXX_LIBRARY = "libc++";
				CLANG_ENABLE_MODULES = YES;
				CLANG_ENABLE_OBJC_ARC = YES;
				CLANG_WARN_BOOL_CONVERSION = YES;
				CLANG_WARN_CONSTANT_CONVERSION = YES;
				CLANG_WARN_DIRECT_OBJC_ISA_USAGE = YES_ERROR;
				CLANG_WARN_EMPTY_BODY = YES;
				CLANG_WARN_ENUM_CONVERSION = YES;
				CLANG_WARN_INT_CONVERSION = YES;
				CLANG_WARN_OBJC_ROOT_CLASS = YES_ERROR;
				CLANG_WARN_UNREACHABLE_CODE = YES;
				CLANG_WARN__DUPLICATE_METHOD_MATCH = YES;
				"CODE_SIGN_IDENTITY[sdk=iphoneos*]" = "iPhone Developer";
				COPY_PHASE_STRIP = NO;
				ENABLE_STRICT_OBJC_MSGSEND = YES;
				ENABLE_TESTABILITY = YES;
				GCC_C_LANGUAGE_STANDARD = gnu99;
				GCC_DYNAMIC_NO_PIC = NO;
				GCC_OPTIMIZATION_LEVEL = 0;
				GCC_PREPROCESSOR_DEFINITIONS = (
					"DEBUG=1",
					"$(inherited)",
				);
				GCC_SYMBOLS_PRIVATE_EXTERN = NO;
				GCC_WARN_64_TO_32_BIT_CONVERSION = YES;
				GCC_WARN_ABOUT_RETURN_TYPE = YES_ERROR;
				GCC_WARN_UNDECLARED_SELECTOR = YES;
				GCC_WARN_UNINITIALIZED_AUTOS = YES_AGGRESSIVE;
				GCC_WARN_UNUSED_FUNCTION = YES;
				GCC_WARN_UNUSED_VARIABLE = YES;
				IPHONEOS_DEPLOYMENT_TARGET = 8.0;
				MTL_ENABLE_DEBUG_INFO = YES;
				ONLY_ACTIVE_ARCH = YES;
				SDKROOT = iphoneos;
				SWIFT_OPTIMIZATION_LEVEL = "-Onone";
				TARGETED_DEVICE_FAMILY = "1,2";
			};
			name = Debug;
		};
		F3C4C4751A6B0B6500F8F15E /* Release */ = {
			isa = XCBuildConfiguration;
			buildSettings = {
				ALWAYS_SEARCH_USER_PATHS = NO;
				CLANG_CXX_LANGUAGE_STANDARD = "gnu++0x";
				CLANG_CXX_LIBRARY = "libc++";
				CLANG_ENABLE_MODULES = YES;
				CLANG_ENABLE_OBJC_ARC = YES;
				CLANG_WARN_BOOL_CONVERSION = YES;
				CLANG_WARN_CONSTANT_CONVERSION = YES;
				CLANG_WARN_DIRECT_OBJC_ISA_USAGE = YES_ERROR;
				CLANG_WARN_EMPTY_BODY = YES;
				CLANG_WARN_ENUM_CONVERSION = YES;
				CLANG_WARN_INT_CONVERSION = YES;
				CLANG_WARN_OBJC_ROOT_CLASS = YES_ERROR;
				CLANG_WARN_UNREACHABLE_CODE = YES;
				CLANG_WARN__DUPLICATE_METHOD_MATCH = YES;
				"CODE_SIGN_IDENTITY[sdk=iphoneos*]" = "iPhone Developer";
				COPY_PHASE_STRIP = YES;
				ENABLE_NS_ASSERTIONS = NO;
				ENABLE_STRICT_OBJC_MSGSEND = YES;
				GCC_C_LANGUAGE_STANDARD = gnu99;
				GCC_WARN_64_TO_32_BIT_CONVERSION = YES;
				GCC_WARN_ABOUT_RETURN_TYPE = YES_ERROR;
				GCC_WARN_UNDECLARED_SELECTOR = YES;
				GCC_WARN_UNINITIALIZED_AUTOS = YES_AGGRESSIVE;
				GCC_WARN_UNUSED_FUNCTION = YES;
				GCC_WARN_UNUSED_VARIABLE = YES;
				IPHONEOS_DEPLOYMENT_TARGET = 8.0;
				MTL_ENABLE_DEBUG_INFO = NO;
				SDKROOT = iphoneos;
				TARGETED_DEVICE_FAMILY = "1,2";
				VALIDATE_PRODUCT = YES;
			};
			name = Release;
		};
		F3C4C4771A6B0B6500F8F15E /* Debug */ = {
			isa = XCBuildConfiguration;
			baseConfigurationReference = FF523999273CCD4DABD90E53 /* Pods-xkcd-swift.debug.xcconfig */;
			buildSettings = {
				ASSETCATALOG_COMPILER_APPICON_NAME = AppIcon;
				INFOPLIST_FILE = resources/Info.plist;
				LD_RUNPATH_SEARCH_PATHS = "$(inherited) @executable_path/Frameworks";
				PRODUCT_BUNDLE_IDENTIFIER = "com.sanekgusev.$(PRODUCT_NAME:rfc1034identifier)";
				PRODUCT_NAME = "$(TARGET_NAME)";
			};
			name = Debug;
		};
		F3C4C4781A6B0B6500F8F15E /* Release */ = {
			isa = XCBuildConfiguration;
			baseConfigurationReference = E03BBA655CEEEF8CE4DAA395 /* Pods-xkcd-swift.release.xcconfig */;
			buildSettings = {
				ASSETCATALOG_COMPILER_APPICON_NAME = AppIcon;
				INFOPLIST_FILE = resources/Info.plist;
				LD_RUNPATH_SEARCH_PATHS = "$(inherited) @executable_path/Frameworks";
				PRODUCT_BUNDLE_IDENTIFIER = "com.sanekgusev.$(PRODUCT_NAME:rfc1034identifier)";
				PRODUCT_NAME = "$(TARGET_NAME)";
			};
			name = Release;
		};
		F3C4C47A1A6B0B6500F8F15E /* Debug */ = {
			isa = XCBuildConfiguration;
			baseConfigurationReference = D235D8B61CE77F44D2D53A1D /* Pods-xkcd-swiftTests.debug.xcconfig */;
			buildSettings = {
				BUNDLE_LOADER = "$(TEST_HOST)";
				FRAMEWORK_SEARCH_PATHS = (
					"$(SDKROOT)/Developer/Library/Frameworks",
					"$(inherited)",
				);
				GCC_PREPROCESSOR_DEFINITIONS = (
					"DEBUG=1",
					"$(inherited)",
				);
				INFOPLIST_FILE = "xkcd-swiftTests/Info.plist";
				LD_RUNPATH_SEARCH_PATHS = "$(inherited) @executable_path/Frameworks @loader_path/Frameworks";
				PRODUCT_BUNDLE_IDENTIFIER = "com.sanekgusev.$(PRODUCT_NAME:rfc1034identifier)";
				PRODUCT_NAME = "$(TARGET_NAME)";
				TEST_HOST = "$(BUILT_PRODUCTS_DIR)/xkcd-swift.app/xkcd-swift";
			};
			name = Debug;
		};
		F3C4C47B1A6B0B6500F8F15E /* Release */ = {
			isa = XCBuildConfiguration;
			baseConfigurationReference = 14DE5CFF3290DFF8DFA54059 /* Pods-xkcd-swiftTests.release.xcconfig */;
			buildSettings = {
				BUNDLE_LOADER = "$(TEST_HOST)";
				FRAMEWORK_SEARCH_PATHS = (
					"$(SDKROOT)/Developer/Library/Frameworks",
					"$(inherited)",
				);
				INFOPLIST_FILE = "xkcd-swiftTests/Info.plist";
				LD_RUNPATH_SEARCH_PATHS = "$(inherited) @executable_path/Frameworks @loader_path/Frameworks";
				PRODUCT_BUNDLE_IDENTIFIER = "com.sanekgusev.$(PRODUCT_NAME:rfc1034identifier)";
				PRODUCT_NAME = "$(TARGET_NAME)";
				TEST_HOST = "$(BUILT_PRODUCTS_DIR)/xkcd-swift.app/xkcd-swift";
			};
			name = Release;
		};
/* End XCBuildConfiguration section */

/* Begin XCConfigurationList section */
		F3C4C4521A6B0B6500F8F15E /* Build configuration list for PBXProject "xkcd-swift" */ = {
			isa = XCConfigurationList;
			buildConfigurations = (
				F3C4C4741A6B0B6500F8F15E /* Debug */,
				F3C4C4751A6B0B6500F8F15E /* Release */,
			);
			defaultConfigurationIsVisible = 0;
			defaultConfigurationName = Release;
		};
		F3C4C4761A6B0B6500F8F15E /* Build configuration list for PBXNativeTarget "xkcd-swift" */ = {
			isa = XCConfigurationList;
			buildConfigurations = (
				F3C4C4771A6B0B6500F8F15E /* Debug */,
				F3C4C4781A6B0B6500F8F15E /* Release */,
			);
			defaultConfigurationIsVisible = 0;
			defaultConfigurationName = Release;
		};
		F3C4C4791A6B0B6500F8F15E /* Build configuration list for PBXNativeTarget "xkcd-swiftTests" */ = {
			isa = XCConfigurationList;
			buildConfigurations = (
				F3C4C47A1A6B0B6500F8F15E /* Debug */,
				F3C4C47B1A6B0B6500F8F15E /* Release */,
			);
			defaultConfigurationIsVisible = 0;
			defaultConfigurationName = Release;
		};
/* End XCConfigurationList section */
	};
	rootObject = F3C4C44F1A6B0B6500F8F15E /* Project object */;
}
